
Microsoft Visual Studio Solution File, Format Version 12.00
# Visual Studio Version 16
VisualStudioVersion = 16.0.30204.135
MinimumVisualStudioVersion = 10.0.40219.1
Project("{FAE04EC0-301F-11D3-BF4B-00C04F79EFBC}") = "LoggerManagerExample", "LoggerManagerExample.csproj", "{E4FFF0BA-67FF-46BE-A0FD-FECEF5C55E0B}"
EndProject
Project("{9A19103F-16F7-4668-BE54-9A1E7A4F7556}") = "LoggerManagerLibrary", "..\LoggerManager\LoggerManagerLibrary.csproj", "{080BBBC3-B333-4F8B-AF1A-D9200AD4FC8B}"
EndProject
Global
	GlobalSection(SolutionConfigurationPlatforms) = preSolution
		Debug|Any CPU = Debug|Any CPU
		Release|Any CPU = Release|Any CPU
	EndGlobalSection
	GlobalSection(ProjectConfigurationPlatforms) = postSolution
		{E4FFF0BA-67FF-46BE-A0FD-FECEF5C55E0B}.Debug|Any CPU.ActiveCfg = Debug|Any CPU
		{E4FFF0BA-67FF-46BE-A0FD-FECEF5C55E0B}.Debug|Any CPU.Build.0 = Debug|Any CPU
		{E4FFF0BA-67FF-46BE-A0FD-FECEF5C55E0B}.Release|Any CPU.ActiveCfg = Release|Any CPU
		{E4FFF0BA-67FF-46BE-A0FD-FECEF5C55E0B}.Release|Any CPU.Build.0 = Release|Any CPU
		{080BBBC3-B333-4F8B-AF1A-D9200AD4FC8B}.Debug|Any CPU.ActiveCfg = Debug|Any CPU
		{080BBBC3-B333-4F8B-AF1A-D9200AD4FC8B}.Debug|Any CPU.Build.0 = Debug|Any CPU
		{080BBBC3-B333-4F8B-AF1A-D9200AD4FC8B}.Release|Any CPU.ActiveCfg = Release|Any CPU
		{080BBBC3-B333-4F8B-AF1A-D9200AD4FC8B}.Release|Any CPU.Build.0 = Release|Any CPU
	EndGlobalSection
	GlobalSection(SolutionProperties) = preSolution
		HideSolutionNode = FALSE
	EndGlobalSection
	GlobalSection(ExtensibilityGlobals) = postSolution
		SolutionGuid = {19BCE33D-EC11-43FB-A76F-8BA74FB5C329}
	EndGlobalSection
EndGlobal
